
Microsoft Visual Studio Solution File, Format Version 12.00
Project("{FAE04EC0-301F-11D3-BF4B-00C04F79EFBC}") = "Aplikacja finansowa WPF", "Aplikacja finansowa WPF\Aplikacja finansowa WPF.csproj", "{48C0016C-3D32-4DC1-9432-A9A11DFA5C49}"
EndProject
Global
	GlobalSection(SolutionConfigurationPlatforms) = preSolution
		Debug|Any CPU = Debug|Any CPU
		Release|Any CPU = Release|Any CPU
	EndGlobalSection
	GlobalSection(ProjectConfigurationPlatforms) = postSolution
		{48C0016C-3D32-4DC1-9432-A9A11DFA5C49}.Debug|Any CPU.ActiveCfg = Debug|Any CPU
		{48C0016C-3D32-4DC1-9432-A9A11DFA5C49}.Debug|Any CPU.Build.0 = Debug|Any CPU
		{48C0016C-3D32-4DC1-9432-A9A11DFA5C49}.Release|Any CPU.ActiveCfg = Release|Any CPU
		{48C0016C-3D32-4DC1-9432-A9A11DFA5C49}.Release|Any CPU.Build.0 = Release|Any CPU
	EndGlobalSection
EndGlobal
